
Microsoft Visual Studio Solution File, Format Version 12.00
# Visual Studio 15
VisualStudioVersion = 15.0.27130.2036
MinimumVisualStudioVersion = 10.0.40219.1
Project("{FAE04EC0-301F-11D3-BF4B-00C04F79EFBC}") = "DrawBase", "DrawBase\DrawBase.csproj", "{BB98AE00-2A4C-4329-91DA-2886B28134F1}"
EndProject
Global
	GlobalSection(SolutionConfigurationPlatforms) = preSolution
		Debug|Any CPU = Debug|Any CPU
		Release|Any CPU = Release|Any CPU
	EndGlobalSection
	GlobalSection(ProjectConfigurationPlatforms) = postSolution
		{BB98AE00-2A4C-4329-91DA-2886B28134F1}.Debug|Any CPU.ActiveCfg = Debug|Any CPU
		{BB98AE00-2A4C-4329-91DA-2886B28134F1}.Debug|Any CPU.Build.0 = Debug|Any CPU
		{BB98AE00-2A4C-4329-91DA-2886B28134F1}.Release|Any CPU.ActiveCfg = Release|Any CPU
		{BB98AE00-2A4C-4329-91DA-2886B28134F1}.Release|Any CPU.Build.0 = Release|Any CPU
	EndGlobalSection
	GlobalSection(SolutionProperties) = preSolution
		HideSolutionNode = FALSE
	EndGlobalSection
	GlobalSection(ExtensibilityGlobals) = postSolution
		SolutionGuid = {1A43ABB5-8FF0-4FEA-918A-E912FC190BB2}
	EndGlobalSection
EndGlobal
